<?xml version="1.0" encoding="utf-8"?>
<Project ToolsVersion="4.0" xmlns="http://schemas.microsoft.com/developer/msbuild/2003">
  <ItemGroup>
    <Filter Include="Source Files">
      <UniqueIdentifier>{4FC737F1-C7A5-4376-A066-2A32D752A2FF}</UniqueIdentifier>
      <Extensions>qml;cpp;c;cc;cxx;def;odl;idl;hpj;bat;asm;asmx</Extensions>
    </Filter>
    <Filter Include="Header Files">
      <UniqueIdentifier>{93995380-89BD-4b04-88EB-625FBE52EBFB}</UniqueIdentifier>
      <Extensions>h;hh;hpp;hxx;hm;inl;inc;xsd</Extensions>
    </Filter>
    <Filter Include="Resource Files">
      <UniqueIdentifier>{67DA6AB6-F800-4c08-8B7A-83BB121AAD01}</UniqueIdentifier>
      <Extensions>qrc;rc;ico;cur;bmp;dlg;rc2;rct;bin;rgs;gif;jpg;jpeg;jpe;resx;tiff;tif;png;wav;mfcribbon-ms</Extensions>
    </Filter>
    <Filter Include="Form Files">
      <UniqueIdentifier>{99349809-55BA-4b9d-BF79-8FDBB0286EB3}</UniqueIdentifier>
      <Extensions>ui</Extensions>
    </Filter>
    <Filter Include="Translation Files">
      <UniqueIdentifier>{639EADAA-A684-42e4-A9AD-28FC9BCB8F7C}</UniqueIdentifier>
      <Extensions>ts</Extensions>
    </Filter>
    <Filter Include="Source Files\front">
      <UniqueIdentifier>{92fc7e60-29c1-4992-9781-bb9c7e8f98fb}</UniqueIdentifier>
    </Filter>
    <Filter Include="Header Files\front">
      <UniqueIdentifier>{16264967-e209-4bee-9325-cc625d6eff95}</UniqueIdentifier>
    </Filter>
    <Filter Include="Header Files\data_process">
      <UniqueIdentifier>{60b5a1ab-1972-4c1a-a608-64550e3ac444}</UniqueIdentifier>
    </Filter>
    <Filter Include="Header Files\backword">
      <UniqueIdentifier>{c3d92b50-5c04-46f6-a99d-703def4d69f6}</UniqueIdentifier>
    </Filter>
    <Filter Include="Source Files\data_process">
      <UniqueIdentifier>{e9ffaba5-eae9-4720-b87a-68730c14dc50}</UniqueIdentifier>
    </Filter>
    <Filter Include="Source Files\backword">
      <UniqueIdentifier>{609f3c5e-15c0-43fa-a530-d2226dbf5f0d}</UniqueIdentifier>
    </Filter>
  </ItemGroup>
  <ItemGroup>
    <QtRcc Include="book_manage_system.qrc">
      <Filter>Resource Files</Filter>
    </QtRcc>
    <QtUic Include="book_manage_system.ui">
      <Filter>Form Files</Filter>
    </QtUic>
  </ItemGroup>
  <ItemGroup>
    <ClCompile Include="main.cpp">
      <Filter>Source Files</Filter>
    </ClCompile>
    <ClCompile Include="book_manage_system.cpp">
      <Filter>Source Files\front</Filter>
    </ClCompile>
    <ClCompile Include="Login.cpp">
      <Filter>Source Files\front</Filter>
    </ClCompile>
    <ClCompile Include="user_menu.cpp">
      <Filter>Source Files\front</Filter>
    </ClCompile>
    <ClCompile Include="book.cpp">
      <Filter>Source Files\data_process</Filter>
    </ClCompile>
    <ClCompile Include="dataprocess.cpp">
      <Filter>Source Files\data_process</Filter>
    </ClCompile>
    <ClCompile Include="date.cpp">
      <Filter>Source Files\data_process</Filter>
    </ClCompile>
    <ClCompile Include="history.cpp">
      <Filter>Source Files\data_process</Filter>
    </ClCompile>
    <ClCompile Include="people.cpp">
      <Filter>Source Files\data_process</Filter>
    </ClCompile>
    <ClCompile Include="backword.cpp">
      <Filter>Source Files\backword</Filter>
    </ClCompile>
  </ItemGroup>
  <ItemGroup>
    <QtUic Include="Login.ui">
      <Filter>Form Files</Filter>
    </QtUic>
    <QtUic Include="user_menu.ui">
      <Filter>Form Files</Filter>
    </QtUic>
  </ItemGroup>
  <ItemGroup>
    <QtMoc Include="book_manage_system.h">
      <Filter>Header Files\front</Filter>
    </QtMoc>
    <QtMoc Include="Login.h">
      <Filter>Header Files\front</Filter>
    </QtMoc>
    <QtMoc Include="usermenu.h">
      <Filter>Header Files\front</Filter>
    </QtMoc>
    <QtMoc Include="backword.h">
      <Filter>Header Files\backword</Filter>
    </QtMoc>
    <QtMoc Include="Data Processing Layer.h">
      <Filter>Header Files\data_process</Filter>
    </QtMoc>
  </ItemGroup>
  <ItemGroup>
    <ClInclude Include="book.h">
      <Filter>Header Files\data_process</Filter>
    </ClInclude>
    <ClInclude Include="date.h">
      <Filter>Header Files\data_process</Filter>
    </ClInclude>
    <ClInclude Include="history.h">
      <Filter>Header Files\data_process</Filter>
    </ClInclude>
    <ClInclude Include="people.h">
      <Filter>Header Files\data_process</Filter>
    </ClInclude>
  </ItemGroup>
</Project>